
Microsoft Visual Studio Solution File, Format Version 12.00
# Visual Studio 14
VisualStudioVersion = 14.0.25420.1
MinimumVisualStudioVersion = 10.0.40219.1
Project("{FAE04EC0-301F-11D3-BF4B-00C04F79EFBC}") = "Owl.References", "Owl.References\Owl.References.csproj", "{B00B2828-E6B0-4B17-A2BD-1DDD0B3D3B33}"
EndProject
Project("{FAE04EC0-301F-11D3-BF4B-00C04F79EFBC}") = "Owl.Tests.UnitTests", "Owl.Tests.UnitTests\Owl.Tests.UnitTests.csproj", "{0E061F07-8B85-40D3-986E-303E3C80CBA7}"
EndProject
Global
	GlobalSection(SolutionConfigurationPlatforms) = preSolution
		Debug|Any CPU = Debug|Any CPU
		Release|Any CPU = Release|Any CPU
	EndGlobalSection
	GlobalSection(ProjectConfigurationPlatforms) = postSolution
		{B00B2828-E6B0-4B17-A2BD-1DDD0B3D3B33}.Debug|Any CPU.ActiveCfg = Debug|Any CPU
		{B00B2828-E6B0-4B17-A2BD-1DDD0B3D3B33}.Debug|Any CPU.Build.0 = Debug|Any CPU
		{B00B2828-E6B0-4B17-A2BD-1DDD0B3D3B33}.Release|Any CPU.ActiveCfg = Release|Any CPU
		{B00B2828-E6B0-4B17-A2BD-1DDD0B3D3B33}.Release|Any CPU.Build.0 = Release|Any CPU
		{0E061F07-8B85-40D3-986E-303E3C80CBA7}.Debug|Any CPU.ActiveCfg = Debug|Any CPU
		{0E061F07-8B85-40D3-986E-303E3C80CBA7}.Debug|Any CPU.Build.0 = Debug|Any CPU
		{0E061F07-8B85-40D3-986E-303E3C80CBA7}.Release|Any CPU.ActiveCfg = Release|Any CPU
		{0E061F07-8B85-40D3-986E-303E3C80CBA7}.Release|Any CPU.Build.0 = Release|Any CPU
	EndGlobalSection
	GlobalSection(SolutionProperties) = preSolution
		HideSolutionNode = FALSE
	EndGlobalSection
EndGlobal
